
Microsoft Visual Studio Solution File, Format Version 12.00
# Visual Studio Version 16
VisualStudioVersion = 16.0.29806.167
MinimumVisualStudioVersion = 10.0.40219.1
Project("{9A19103F-16F7-4668-BE54-9A1E7A4F7556}") = "GlobalTeamNetwork", "GlobalTeamNetwork\GlobalTeamNetwork.csproj", "{FEAA68C2-13B8-4486-A4FB-073A54D105D3}"
EndProject
Global
	GlobalSection(SolutionConfigurationPlatforms) = preSolution
		Debug|Any CPU = Debug|Any CPU
		Release|Any CPU = Release|Any CPU
	EndGlobalSection
	GlobalSection(ProjectConfigurationPlatforms) = postSolution
		{FEAA68C2-13B8-4486-A4FB-073A54D105D3}.Debug|Any CPU.ActiveCfg = Debug|Any CPU
		{FEAA68C2-13B8-4486-A4FB-073A54D105D3}.Debug|Any CPU.Build.0 = Debug|Any CPU
		{FEAA68C2-13B8-4486-A4FB-073A54D105D3}.Release|Any CPU.ActiveCfg = Release|Any CPU
		{FEAA68C2-13B8-4486-A4FB-073A54D105D3}.Release|Any CPU.Build.0 = Release|Any CPU
	EndGlobalSection
	GlobalSection(SolutionProperties) = preSolution
		HideSolutionNode = FALSE
	EndGlobalSection
	GlobalSection(ExtensibilityGlobals) = postSolution
		SolutionGuid = {AFA44B31-F34B-4AE0-B39D-A384F9A7C686}
	EndGlobalSection
EndGlobal
